// !$*UTF8*$!
{
	archiveVersion = 1;
	classes = {
	};
	objectVersion = 46;
	objects = {

/* Begin PBXBuildFile section */
		D186FBB71D2669C100C7837B /* AppDelegate.swift in Sources */ = {isa = PBXBuildFile; fileRef = D186FBB61D2669C100C7837B /* AppDelegate.swift */; };
		D186FBB91D2669C100C7837B /* ViewController.swift in Sources */ = {isa = PBXBuildFile; fileRef = D186FBB81D2669C100C7837B /* ViewController.swift */; };
		D186FBBC1D2669C100C7837B /* Main.storyboard in Resources */ = {isa = PBXBuildFile; fileRef = D186FBBA1D2669C100C7837B /* Main.storyboard */; };
		D186FBBF1D2669C100C7837B /* address_list_01.xcdatamodeld in Sources */ = {isa = PBXBuildFile; fileRef = D186FBBD1D2669C100C7837B /* address_list_01.xcdatamodeld */; };
		D186FBC11D2669C100C7837B /* Assets.xcassets in Resources */ = {isa = PBXBuildFile; fileRef = D186FBC01D2669C100C7837B /* Assets.xcassets */; };
		D186FBC41D2669C100C7837B /* LaunchScreen.storyboard in Resources */ = {isa = PBXBuildFile; fileRef = D186FBC21D2669C100C7837B /* LaunchScreen.storyboard */; };
		D186FBCF1D2669C100C7837B /* address_list_01Tests.swift in Sources */ = {isa = PBXBuildFile; fileRef = D186FBCE1D2669C100C7837B /* address_list_01Tests.swift */; };
		D186FBDA1D2669C100C7837B /* address_list_01UITests.swift in Sources */ = {isa = PBXBuildFile; fileRef = D186FBD91D2669C100C7837B /* address_list_01UITests.swift */; };
/* End PBXBuildFile section */

/* Begin PBXContainerItemProxy section */
		D186FBCB1D2669C100C7837B /* PBXContainerItemProxy */ = {
			isa = PBXContainerItemProxy;
			containerPortal = D186FBAB1D2669C100C7837B /* Project object */;
			proxyType = 1;
			remoteGlobalIDString = D186FBB21D2669C100C7837B;
			remoteInfo = "address list_01";
		};
		D186FBD61D2669C100C7837B /* PBXContainerItemProxy */ = {
			isa = PBXContainerItemProxy;
			containerPortal = D186FBAB1D2669C100C7837B /* Project object */;
			proxyType = 1;
			remoteGlobalIDString = D186FBB21D2669C100C7837B;
			remoteInfo = "address list_01";
		};
/* End PBXContainerItemProxy section */

/* Begin PBXFileReference section */
		D186FBB31D2669C100C7837B /* address list_01.app */ = {isa = PBXFileReference; explicitFileType = wrapper.application; includeInIndex = 0; path = "address list_01.app"; sourceTree = BUILT_PRODUCTS_DIR; };
		D186FBB61D2669C100C7837B /* AppDelegate.swift */ = {isa = PBXFileReference; lastKnownFileType = sourcecode.swift; path = AppDelegate.swift; sourceTree = "<group>"; };
		D186FBB81D2669C100C7837B /* ViewController.swift */ = {isa = PBXFileReference; lastKnownFileType = sourcecode.swift; path = ViewController.swift; sourceTree = "<group>"; };
		D186FBBB1D2669C100C7837B /* Base */ = {isa = PBXFileReference; lastKnownFileType = file.storyboard; name = Base; path = Base.lproj/Main.storyboard; sourceTree = "<group>"; };
		D186FBBE1D2669C100C7837B /* address_list_01.xcdatamodel */ = {isa = PBXFileReference; lastKnownFileType = wrapper.xcdatamodel; path = address_list_01.xcdatamodel; sourceTree = "<group>"; };
		D186FBC01D2669C100C7837B /* Assets.xcassets */ = {isa = PBXFileReference; lastKnownFileType = folder.assetcatalog; path = Assets.xcassets; sourceTree = "<group>"; };
		D186FBC31D2669C100C7837B /* Base */ = {isa = PBXFileReference; lastKnownFileType = file.storyboard; name = Base; path = Base.lproj/LaunchScreen.storyboard; sourceTree = "<group>"; };
		D186FBC51D2669C100C7837B /* Info.plist */ = {isa = PBXFileReference; lastKnownFileType = text.plist.xml; path = Info.plist; sourceTree = "<group>"; };
		D186FBCA1D2669C100C7837B /* address list_01Tests.xctest */ = {isa = PBXFileReference; explicitFileType = wrapper.cfbundle; includeInIndex = 0; path = "address list_01Tests.xctest"; sourceTree = BUILT_PRODUCTS_DIR; };
		D186FBCE1D2669C100C7837B /* address_list_01Tests.swift */ = {isa = PBXFileReference; lastKnownFileType = sourcecode.swift; path = address_list_01Tests.swift; sourceTree = "<group>"; };
		D186FBD01D2669C100C7837B /* Info.plist */ = {isa = PBXFileReference; lastKnownFileType = text.plist.xml; path = Info.plist; sourceTree = "<group>"; };
		D186FBD51D2669C100C7837B /* address list_01UITests.xctest */ = {isa = PBXFileReference; explicitFileType = wrapper.cfbundle; includeInIndex = 0; path = "address list_01UITests.xctest"; sourceTree = BUILT_PRODUCTS_DIR; };
		D186FBD91D2669C100C7837B /* address_list_01UITests.swift */ = {isa = PBXFileReference; lastKnownFileType = sourcecode.swift; path = address_list_01UITests.swift; sourceTree = "<group>"; };
		D186FBDB1D2669C100C7837B /* Info.plist */ = {isa = PBXFileReference; lastKnownFileType = text.plist.xml; path = Info.plist; sourceTree = "<group>"; };
/* End PBXFileReference section */

/* Begin PBXFrameworksBuildPhase section */
		D186FBB01D2669C100C7837B /* Frameworks */ = {
			isa = PBXFrameworksBuildPhase;
			buildActionMask = 2147483647;
			files = (
			);
			runOnlyForDeploymentPostprocessing = 0;
		};
		D186FBC71D2669C100C7837B /* Frameworks */ = {
			isa = PBXFrameworksBuildPhase;
			buildActionMask = 2147483647;
			files = (
			);
			runOnlyForDeploymentPostprocessing = 0;
		};
		D186FBD21D2669C100C7837B /* Frameworks */ = {
			isa = PBXFrameworksBuildPhase;
			buildActionMask = 2147483647;
			files = (
			);
			runOnlyForDeploymentPostprocessing = 0;
		};
/* End PBXFrameworksBuildPhase section */

/* Begin PBXGroup section */
		D186FBAA1D2669C100C7837B = {
			isa = PBXGroup;
			children = (
				D186FBB51D2669C100C7837B /* address list_01 */,
				D186FBCD1D2669C100C7837B /* address list_01Tests */,
				D186FBD81D2669C100C7837B /* address list_01UITests */,
				D186FBB41D2669C100C7837B /* Products */,
			);
			sourceTree = "<group>";
		};
		D186FBB41D2669C100C7837B /* Products */ = {
			isa = PBXGroup;
			children = (
				D186FBB31D2669C100C7837B /* address list_01.app */,
				D186FBCA1D2669C100C7837B /* address list_01Tests.xctest */,
				D186FBD51D2669C100C7837B /* address list_01UITests.xctest */,
			);
			name = Products;
			sourceTree = "<group>";
		};
		D186FBB51D2669C100C7837B /* address list_01 */ = {
			isa = PBXGroup;
			children = (
				D186FBB61D2669C100C7837B /* AppDelegate.swift */,
				D186FBB81D2669C100C7837B /* ViewController.swift */,
				D186FBBA1D2669C100C7837B /* Main.storyboard */,
				D186FBC01D2669C100C7837B /* Assets.xcassets */,
				D186FBC21D2669C100C7837B /* LaunchScreen.storyboard */,
				D186FBC51D2669C100C7837B /* Info.plist */,
				D186FBBD1D2669C100C7837B /* address_list_01.xcdatamodeld */,
			);
			path = "address list_01";
			sourceTree = "<group>";
		};
		D186FBCD1D2669C100C7837B /* address list_01Tests */ = {
			isa = PBXGroup;
			children = (
				D186FBCE1D2669C100C7837B /* address_list_01Tests.swift */,
				D186FBD01D2669C100C7837B /* Info.plist */,
			);
			path = "address list_01Tests";
			sourceTree = "<group>";
		};
		D186FBD81D2669C100C7837B /* address list_01UITests */ = {
			isa = PBXGroup;
			children = (
				D186FBD91D2669C100C7837B /* address_list_01UITests.swift */,
				D186FBDB1D2669C100C7837B /* Info.plist */,
			);
			path = "address list_01UITests";
			sourceTree = "<group>";
		};
/* End PBXGroup section */

/* Begin PBXNativeTarget section */
		D186FBB21D2669C100C7837B /* address list_01 */ = {
			isa = PBXNativeTarget;
			buildConfigurationList = D186FBDE1D2669C100C7837B /* Build configuration list for PBXNativeTarget "address list_01" */;
			buildPhases = (
				D186FBAF1D2669C100C7837B /* Sources */,
				D186FBB01D2669C100C7837B /* Frameworks */,
				D186FBB11D2669C100C7837B /* Resources */,
			);
			buildRules = (
			);
			dependencies = (
			);
			name = "address list_01";
			productName = "address list_01";
			productReference = D186FBB31D2669C100C7837B /* address list_01.app */;
			productType = "com.apple.product-type.application";
		};
		D186FBC91D2669C100C7837B /* address list_01Tests */ = {
			isa = PBXNativeTarget;
			buildConfigurationList = D186FBE11D2669C100C7837B /* Build configuration list for PBXNativeTarget "address list_01Tests" */;
			buildPhases = (
				D186FBC61D2669C100C7837B /* Sources */,
				D186FBC71D2669C100C7837B /* Frameworks */,
				D186FBC81D2669C100C7837B /* Resources */,
			);
			buildRules = (
			);
			dependencies = (
				D186FBCC1D2669C100C7837B /* PBXTargetDependency */,
			);
			name = "address list_01Tests";
			productName = "address list_01Tests";
			productReference = D186FBCA1D2669C100C7837B /* address list_01Tests.xctest */;
			productType = "com.apple.product-type.bundle.unit-test";
		};
		D186FBD41D2669C100C7837B /* address list_01UITests */ = {
			isa = PBXNativeTarget;
			buildConfigurationList = D186FBE41D2669C100C7837B /* Build configuration list for PBXNativeTarget "address list_01UITests" */;
			buildPhases = (
				D186FBD11D2669C100C7837B /* Sources */,
				D186FBD21D2669C100C7837B /* Frameworks */,
				D186FBD31D2669C100C7837B /* Resources */,
			);
			buildRules = (
			);
			dependencies = (
				D186FBD71D2669C100C7837B /* PBXTargetDependency */,
			);
			name = "address list_01UITests";
			productName = "address list_01UITests";
			productReference = D186FBD51D2669C100C7837B /* address list_01UITests.xctest */;
			productType = "com.apple.product-type.bundle.ui-testing";
		};
/* End PBXNativeTarget section */

/* Begin PBXProject section */
		D186FBAB1D2669C100C7837B /* Project object */ = {
			isa = PBXProject;
			attributes = {
				LastSwiftUpdateCheck = 0730;
				LastUpgradeCheck = 0730;
				ORGANIZATIONNAME = 20141105055ljm;
				TargetAttributes = {
					D186FBB21D2669C100C7837B = {
						CreatedOnToolsVersion = 7.3.1;
					};
					D186FBC91D2669C100C7837B = {
						CreatedOnToolsVersion = 7.3.1;
						TestTargetID = D186FBB21D2669C100C7837B;
					};
					D186FBD41D2669C100C7837B = {
						CreatedOnToolsVersion = 7.3.1;
						TestTargetID = D186FBB21D2669C100C7837B;
					};
				};
			};
			buildConfigurationList = D186FBAE1D2669C100C7837B /* Build configuration list for PBXProject "address list_01" */;
			compatibilityVersion = "Xcode 3.2";
			developmentRegion = English;
			hasScannedForEncodings = 0;
			knownRegions = (
				en,
				Base,
			);
			mainGroup = D186FBAA1D2669C100C7837B;
			productRefGroup = D186FBB41D2669C100C7837B /* Products */;
			projectDirPath = "";
			projectRoot = "";
			targets = (
				D186FBB21D2669C100C7837B /* address list_01 */,
				D186FBC91D2669C100C7837B /* address list_01Tests */,
				D186FBD41D2669C100C7837B /* address list_01UITests */,
			);
		};
/* End PBXProject section */

/* Begin PBXResourcesBuildPhase section */
		D186FBB11D2669C100C7837B /* Resources */ = {
			isa = PBXResourcesBuildPhase;
			buildActionMask = 2147483647;
			files = (
				D186FBC41D2669C100C7837B /* LaunchScreen.storyboard in Resources */,
				D186FBC11D2669C100C7837B /* Assets.xcassets in Resources */,
				D186FBBC1D2669C100C7837B /* Main.storyboard in Resources */,
			);
			runOnlyForDeploymentPostprocessing = 0;
		};
		D186FBC81D2669C100C7837B /* Resources */ = {
			isa = PBXResourcesBuildPhase;
			buildActionMask = 2147483647;
			files = (
			);
			runOnlyForDeploymentPostprocessing = 0;
		};
		D186FBD31D2669C100C7837B /* Resources */ = {
			isa = PBXResourcesBuildPhase;
			buildActionMask = 2147483647;
			files = (
			);
			runOnlyForDeploymentPostprocessing = 0;
		};
/* End PBXResourcesBuildPhase section */

/* Begin PBXSourcesBuildPhase section */
		D186FBAF1D2669C100C7837B /* Sources */ = {
			isa = PBXSourcesBuildPhase;
			buildActionMask = 2147483647;
			files = (
				D186FBBF1D2669C100C7837B /* address_list_01.xcdatamodeld in Sources */,
				D186FBB91D2669C100C7837B /* ViewController.swift in Sources */,
				D186FBB71D2669C100C7837B /* AppDelegate.swift in Sources */,
			);
			runOnlyForDeploymentPostprocessing = 0;
		};
		D186FBC61D2669C100C7837B /* Sources */ = {
			isa = PBXSourcesBuildPhase;
			buildActionMask = 2147483647;
			files = (
				D186FBCF1D2669C100C7837B /* address_list_01Tests.swift in Sources */,
			);
			runOnlyForDeploymentPostprocessing = 0;
		};
		D186FBD11D2669C100C7837B /* Sources */ = {
			isa = PBXSourcesBuildPhase;
			buildActionMask = 2147483647;
			files = (
				D186FBDA1D2669C100C7837B /* address_list_01UITests.swift in Sources */,
			);
			runOnlyForDeploymentPostprocessing = 0;
		};
/* End PBXSourcesBuildPhase section */

/* Begin PBXTargetDependency section */
		D186FBCC1D2669C100C7837B /* PBXTargetDependency */ = {
			isa = PBXTargetDependency;
			target = D186FBB21D2669C100C7837B /* address list_01 */;
			targetProxy = D186FBCB1D2669C100C7837B /* PBXContainerItemProxy */;
		};
		D186FBD71D2669C100C7837B /* PBXTargetDependency */ = {
			isa = PBXTargetDependency;
			target = D186FBB21D2669C100C7837B /* address list_01 */;
			targetProxy = D186FBD61D2669C100C7837B /* PBXContainerItemProxy */;
		};
/* End PBXTargetDependency section */

/* Begin PBXVariantGroup section */
		D186FBBA1D2669C100C7837B /* Main.storyboard */ = {
			isa = PBXVariantGroup;
			children = (
				D186FBBB1D2669C100C7837B /* Base */,
			);
			name = Main.storyboard;
			sourceTree = "<group>";
		};
		D186FBC21D2669C100C7837B /* LaunchScreen.storyboard */ = {
			isa = PBXVariantGroup;
			children = (
				D186FBC31D2669C100C7837B /* Base */,
			);
			name = LaunchScreen.storyboard;
			sourceTree = "<group>";
		};
/* End PBXVariantGroup section */

/* Begin XCBuildConfiguration section */
		D186FBDC1D2669C100C7837B /* Debug */ = {
			isa = XCBuildConfiguration;
			buildSettings = {
				ALWAYS_SEARCH_USER_PATHS = NO;
				CLANG_ANALYZER_NONNULL = YES;
				CLANG_CXX_LANGUAGE_STANDARD = "gnu++0x";
				CLANG_CXX_LIBRARY = "libc++";
				CLANG_ENABLE_MODULES = YES;
				CLANG_ENABLE_OBJC_ARC = YES;
				CLANG_WARN_BOOL_CONVERSION = YES;
				CLANG_WARN_CONSTANT_CONVERSION = YES;
				CLANG_WARN_DIRECT_OBJC_ISA_USAGE = YES_ERROR;
				CLANG_WARN_EMPTY_BODY = YES;
				CLANG_WARN_ENUM_CONVERSION = YES;
				CLANG_WARN_INT_CONVERSION = YES;
				CLANG_WARN_OBJC_ROOT_CLASS = YES_ERROR;
				CLANG_WARN_UNREACHABLE_CODE = YES;
				CLANG_WARN__DUPLICATE_METHOD_MATCH = YES;
				"CODE_SIGN_IDENTITY[sdk=iphoneos*]" = "iPhone Developer";
				COPY_PHASE_STRIP = NO;
				DEBUG_INFORMATION_FORMAT = dwarf;
				ENABLE_STRICT_OBJC_MSGSEND = YES;
				ENABLE_TESTABILITY = YES;
				GCC_C_LANGUAGE_STANDARD = gnu99;
				GCC_DYNAMIC_NO_PIC = NO;
				GCC_NO_COMMON_BLOCKS = YES;
				GCC_OPTIMIZATION_LEVEL = 0;
				GCC_PREPROCESSOR_DEFINITIONS = (
					"DEBUG=1",
					"$(inherited)",
				);
				GCC_WARN_64_TO_32_BIT_CONVERSION = YES;
				GCC_WARN_ABOUT_RETURN_TYPE = YES_ERROR;
				GCC_WARN_UNDECLARED_SELECTOR = YES;
				GCC_WARN_UNINITIALIZED_AUTOS = YES_AGGRESSIVE;
				GCC_WARN_UNUSED_FUNCTION = YES;
				GCC_WARN_UNUSED_VARIABLE = YES;
				IPHONEOS_DEPLOYMENT_TARGET = 9.3;
				MTL_ENABLE_DEBUG_INFO = YES;
				ONLY_ACTIVE_ARCH = YES;
				SDKROOT = iphoneos;
				SWIFT_OPTIMIZATION_LEVEL = "-Onone";
				TARGETED_DEVICE_FAMILY = "1,2";
			};
			name = Debug;
		};
		D186FBDD1D2669C100C7837B /* Release */ = {
			isa = XCBuildConfiguration;
			buildSettings = {
				ALWAYS_SEARCH_USER_PATHS = NO;
				CLANG_ANALYZER_NONNULL = YES;
				CLANG_CXX_LANGUAGE_STANDARD = "gnu++0x";
				CLANG_CXX_LIBRARY = "libc++";
				CLANG_ENABLE_MODULES = YES;
				CLANG_ENABLE_OBJC_ARC = YES;
				CLANG_WARN_BOOL_CONVERSION = YES;
				CLANG_WARN_CONSTANT_CONVERSION = YES;
				CLANG_WARN_DIRECT_OBJC_ISA_USAGE = YES_ERROR;
				CLANG_WARN_EMPTY_BODY = YES;
				CLANG_WARN_ENUM_CONVERSION = YES;
				CLANG_WARN_INT_CONVERSION = YES;
				CLANG_WARN_OBJC_ROOT_CLASS = YES_ERROR;
				CLANG_WARN_UNREACHABLE_CODE = YES;
				CLANG_WARN__DUPLICATE_METHOD_MATCH = YES;
				"CODE_SIGN_IDENTITY[sdk=iphoneos*]" = "iPhone Developer";
				COPY_PHASE_STRIP = NO;
				DEBUG_INFORMATION_FORMAT = "dwarf-with-dsym";
				ENABLE_NS_ASSERTIONS = NO;
				ENABLE_STRICT_OBJC_MSGSEND = YES;
				GCC_C_LANGUAGE_STANDARD = gnu99;
				GCC_NO_COMMON_BLOCKS = YES;
				GCC_WARN_64_TO_32_BIT_CONVERSION = YES;
				GCC_WARN_ABOUT_RETURN_TYPE = YES_ERROR;
				GCC_WARN_UNDECLARED_SELECTOR = YES;
				GCC_WARN_UNINITIALIZED_AUTOS = YES_AGGRESSIVE;
				GCC_WARN_UNUSED_FUNCTION = YES;
				GCC_WARN_UNUSED_VARIABLE = YES;
				IPHONEOS_DEPLOYMENT_TARGET = 9.3;
				MTL_ENABLE_DEBUG_INFO = NO;
				SDKROOT = iphoneos;
				TARGETED_DEVICE_FAMILY = "1,2";
				VALIDATE_PRODUCT = YES;
			};
			name = Release;
		};
		D186FBDF1D2669C100C7837B /* Debug */ = {
			isa = XCBuildConfiguration;
			buildSettings = {
				ASSETCATALOG_COMPILER_APPICON_NAME = AppIcon;
				INFOPLIST_FILE = "address list_01/Info.plist";
				LD_RUNPATH_SEARCH_PATHS = "$(inherited) @executable_path/Frameworks";
				PRODUCT_BUNDLE_IDENTIFIER = "work-test4.address-list-01";
				PRODUCT_NAME = "$(TARGET_NAME)";
			};
			name = Debug;
		};
		D186FBE01D2669C100C7837B /* Release */ = {
			isa = XCBuildConfiguration;
			buildSettings = {
				ASSETCATALOG_COMPILER_APPICON_NAME = AppIcon;
				INFOPLIST_FILE = "address list_01/Info.plist";
				LD_RUNPATH_SEARCH_PATHS = "$(inherited) @executable_path/Frameworks";
				PRODUCT_BUNDLE_IDENTIFIER = "work-test4.address-list-01";
				PRODUCT_NAME = "$(TARGET_NAME)";
			};
			name = Release;
		};
		D186FBE21D2669C100C7837B /* Debug */ = {
			isa = XCBuildConfiguration;
			buildSettings = {
				BUNDLE_LOADER = "$(TEST_HOST)";
				INFOPLIST_FILE = "address list_01Tests/Info.plist";
				LD_RUNPATH_SEARCH_PATHS = "$(inherited) @executable_path/Frameworks @loader_path/Frameworks";
				PRODUCT_BUNDLE_IDENTIFIER = "work-test4.address-list-01Tests";
				PRODUCT_NAME = "$(TARGET_NAME)";
				TEST_HOST = "$(BUILT_PRODUCTS_DIR)/address list_01.app/address list_01";
			};
			name = Debug;
		};
		D186FBE31D2669C100C7837B /* Release */ = {
			isa = XCBuildConfiguration;
			buildSettings = {
				BUNDLE_LOADER = "$(TEST_HOST)";
				INFOPLIST_FILE = "address list_01Tests/Info.plist";
				LD_RUNPATH_SEARCH_PATHS = "$(inherited) @executable_path/Frameworks @loader_path/Frameworks";
				PRODUCT_BUNDLE_IDENTIFIER = "work-test4.address-list-01Tests";
				PRODUCT_NAME = "$(TARGET_NAME)";
				TEST_HOST = "$(BUILT_PRODUCTS_DIR)/address list_01.app/address list_01";
			};
			name = Release;
		};
		D186FBE51D2669C100C7837B /* Debug */ = {
			isa = XCBuildConfiguration;
			buildSettings = {
				INFOPLIST_FILE = "address list_01UITests/Info.plist";
				LD_RUNPATH_SEARCH_PATHS = "$(inherited) @executable_path/Frameworks @loader_path/Frameworks";
				PRODUCT_BUNDLE_IDENTIFIER = "work-test4.address-list-01UITests";
				PRODUCT_NAME = "$(TARGET_NAME)";
				TEST_TARGET_NAME = "address list_01";
			};
			name = Debug;
		};
		D186FBE61D2669C100C7837B /* Release */ = {
			isa = XCBuildConfiguration;
			buildSettings = {
				INFOPLIST_FILE = "address list_01UITests/Info.plist";
				LD_RUNPATH_SEARCH_PATHS = "$(inherited) @executable_path/Frameworks @loader_path/Frameworks";
				PRODUCT_BUNDLE_IDENTIFIER = "work-test4.address-list-01UITests";
				PRODUCT_NAME = "$(TARGET_NAME)";
				TEST_TARGET_NAME = "address list_01";
			};
			name = Release;
		};
/* End XCBuildConfiguration section */

/* Begin XCConfigurationList section */
		D186FBAE1D2669C100C7837B /* Build configuration list for PBXProject "address list_01" */ = {
			isa = XCConfigurationList;
			buildConfigurations = (
				D186FBDC1D2669C100C7837B /* Debug */,
				D186FBDD1D2669C100C7837B /* Release */,
			);
			defaultConfigurationIsVisible = 0;
			defaultConfigurationName = Release;
		};
		D186FBDE1D2669C100C7837B /* Build configuration list for PBXNativeTarget "address list_01" */ = {
			isa = XCConfigurationList;
			buildConfigurations = (
				D186FBDF1D2669C100C7837B /* Debug */,
				D186FBE01D2669C100C7837B /* Release */,
			);
			defaultConfigurationIsVisible = 0;
		};
		D186FBE11D2669C100C7837B /* Build configuration list for PBXNativeTarget "address list_01Tests" */ = {
			isa = XCConfigurationList;
			buildConfigurations = (
				D186FBE21D2669C100C7837B /* Debug */,
				D186FBE31D2669C100C7837B /* Release */,
			);
			defaultConfigurationIsVisible = 0;
		};
		D186FBE41D2669C100C7837B /* Build configuration list for PBXNativeTarget "address list_01UITests" */ = {
			isa = XCConfigurationList;
			buildConfigurations = (
				D186FBE51D2669C100C7837B /* Debug */,
				D186FBE61D2669C100C7837B /* Release */,
			);
			defaultConfigurationIsVisible = 0;
		};
/* End XCConfigurationList section */

/* Begin XCVersionGroup section */
		D186FBBD1D2669C100C7837B /* address_list_01.xcdatamodeld */ = {
			isa = XCVersionGroup;
			children = (
				D186FBBE1D2669C100C7837B /* address_list_01.xcdatamodel */,
			);
			currentVersion = D186FBBE1D2669C100C7837B /* address_list_01.xcdatamodel */;
			path = address_list_01.xcdatamodeld;
			sourceTree = "<group>";
			versionGroupType = wrapper.xcdatamodel;
		};
/* End XCVersionGroup section */
	};
	rootObject = D186FBAB1D2669C100C7837B /* Project object */;
}
